<?xml version="1.0" encoding="utf-8"?>
<Project ToolsVersion="4.0" xmlns="http://schemas.microsoft.com/developer/msbuild/2003">
  <ItemGroup>
    <Filter Include="Source Files">
      <UniqueIdentifier>{4FC737F1-C7A5-4376-A066-2A32D752A2FF}</UniqueIdentifier>
      <Extensions>cpp;c;cc;cxx;def;odl;idl;hpj;bat;asm;asmx</Extensions>
    </Filter>
    <Filter Include="Source Files\idastruct">
      <UniqueIdentifier>{fe2c3333-1126-4633-8ebe-ebf3104dbe61}</UniqueIdentifier>
    </Filter>
    <Filter Include="Source Files\ida-x86emu">
      <UniqueIdentifier>{a7bb283a-50be-4054-b726-f9122e827791}</UniqueIdentifier>
    </Filter>
    <Filter Include="Header Files">
      <UniqueIdentifier>{93995380-89BD-4b04-88EB-625FBE52EBFB}</UniqueIdentifier>
      <Extensions>h;hpp;hxx;hm;inl;inc;xsd</Extensions>
    </Filter>
    <Filter Include="Resource Files">
      <UniqueIdentifier>{67DA6AB6-F800-4c08-8B7A-83BB121AAD01}</UniqueIdentifier>
      <Extensions>rc;ico;cur;bmp;dlg;rc2;rct;bin;rgs;gif;jpg;jpeg;jpe;resx;tiff;tif;png;wav</Extensions>
    </Filter>
  </ItemGroup>
  <ItemGroup>
    <ClCompile Include="idastruct\idastruct.cpp">
      <Filter>Source Files\idastruct</Filter>
    </ClCompile>
    <ClCompile Include="ida-x86emu\break.cpp">
      <Filter>Source Files\ida-x86emu</Filter>
    </ClCompile>
    <ClCompile Include="ida-x86emu\buffer.cpp">
      <Filter>Source Files\ida-x86emu</Filter>
    </ClCompile>
    <ClCompile Include="ida-x86emu\cpu.cpp">
      <Filter>Source Files\ida-x86emu</Filter>
    </ClCompile>
    <ClCompile Include="ida-x86emu\emufuncs.cpp">
      <Filter>Source Files\ida-x86emu</Filter>
    </ClCompile>
    <ClCompile Include="ida-x86emu\emuheap.cpp">
      <Filter>Source Files\ida-x86emu</Filter>
    </ClCompile>
    <ClCompile Include="ida-x86emu\emustack.cpp">
      <Filter>Source Files\ida-x86emu</Filter>
    </ClCompile>
    <ClCompile Include="ida-x86emu\hooklist.cpp">
      <Filter>Source Files\ida-x86emu</Filter>
    </ClCompile>
    <ClCompile Include="ida-x86emu\memmgr.cpp">
      <Filter>Source Files\ida-x86emu</Filter>
    </ClCompile>
    <ClCompile Include="ida-x86emu\seh.cpp">
      <Filter>Source Files\ida-x86emu</Filter>
    </ClCompile>
    <ClCompile Include="ida-x86emu\x86emu.cpp">
      <Filter>Source Files\ida-x86emu</Filter>
    </ClCompile>
  </ItemGroup>
  <ItemGroup>
    <ClInclude Include="ida-x86emu\break.h">
      <Filter>Header Files</Filter>
    </ClInclude>
    <ClInclude Include="ida-x86emu\buffer.h">
      <Filter>Header Files</Filter>
    </ClInclude>
    <ClInclude Include="ida-x86emu\cpu.h">
      <Filter>Header Files</Filter>
    </ClInclude>
    <ClInclude Include="ida-x86emu\emufuncs.h">
      <Filter>Header Files</Filter>
    </ClInclude>
    <ClInclude Include="ida-x86emu\emuheap.h">
      <Filter>Header Files</Filter>
    </ClInclude>
    <ClInclude Include="ida-x86emu\emustack.h">
      <Filter>Header Files</Filter>
    </ClInclude>
    <ClInclude Include="ida-x86emu\hooklist.h">
      <Filter>Header Files</Filter>
    </ClInclude>
    <ClInclude Include="idastruct\idastruct.h">
      <Filter>Header Files</Filter>
    </ClInclude>
    <ClInclude Include="ida-x86emu\memmgr.h">
      <Filter>Header Files</Filter>
    </ClInclude>
    <ClInclude Include="ida-x86emu\resource.h">
      <Filter>Header Files</Filter>
    </ClInclude>
    <ClInclude Include="ida-x86emu\seh.h">
      <Filter>Header Files</Filter>
    </ClInclude>
    <ClInclude Include="ida-x86emu\x86defs.h">
      <Filter>Header Files</Filter>
    </ClInclude>
  </ItemGroup>
  <ItemGroup>
    <ResourceCompile Include="ida-x86emu\dialog.rc">
      <Filter>Resource Files</Filter>
    </ResourceCompile>
  </ItemGroup>
</Project>