<?xml version="1.0" encoding="utf-8"?>
<Project ToolsVersion="4.0" xmlns="http://schemas.microsoft.com/developer/msbuild/2003">
  <ItemGroup>
    <Filter Include="Source Files">
      <UniqueIdentifier>{0ab7c237-6e4d-48e7-aaac-ecbe8fe5d54e}</UniqueIdentifier>
      <Extensions>cpp;c;cxx;rc;def;r;odl;idl;hpj;bat</Extensions>
    </Filter>
    <Filter Include="Header Files">
      <UniqueIdentifier>{b13ef963-9314-47a3-b156-d8140f3ad7b4}</UniqueIdentifier>
      <Extensions>h;hpp;hxx;hm;inl</Extensions>
    </Filter>
    <Filter Include="Resource Files">
      <UniqueIdentifier>{55b8e9dd-c564-4341-b8e0-14cbd1220cdf}</UniqueIdentifier>
      <Extensions>ico;cur;bmp;dlg;rc2;rct;bin;rgs;gif;jpg;jpeg;jpe</Extensions>
    </Filter>
  </ItemGroup>
  <ItemGroup>
    <ClCompile Include="break.cpp">
      <Filter>Source Files</Filter>
    </ClCompile>
    <ClCompile Include="buffer.cpp">
      <Filter>Source Files</Filter>
    </ClCompile>
    <ClCompile Include="cpu.cpp">
      <Filter>Source Files</Filter>
    </ClCompile>
    <ClCompile Include="emufuncs.cpp">
      <Filter>Source Files</Filter>
    </ClCompile>
    <ClCompile Include="emuheap.cpp">
      <Filter>Source Files</Filter>
    </ClCompile>
    <ClCompile Include="emustack.cpp">
      <Filter>Source Files</Filter>
    </ClCompile>
    <ClCompile Include="hooklist.cpp">
      <Filter>Source Files</Filter>
    </ClCompile>
    <ClCompile Include="memmgr.cpp">
      <Filter>Source Files</Filter>
    </ClCompile>
    <ClCompile Include="seh.cpp">
      <Filter>Source Files</Filter>
    </ClCompile>
    <ClCompile Include="x86emu.cpp">
      <Filter>Source Files</Filter>
    </ClCompile>
  </ItemGroup>
  <ItemGroup>
    <ClInclude Include="break.h">
      <Filter>Header Files</Filter>
    </ClInclude>
    <ClInclude Include="buffer.h">
      <Filter>Header Files</Filter>
    </ClInclude>
    <ClInclude Include="cpu.h">
      <Filter>Header Files</Filter>
    </ClInclude>
    <ClInclude Include="emufuncs.h">
      <Filter>Header Files</Filter>
    </ClInclude>
    <ClInclude Include="emuheap.h">
      <Filter>Header Files</Filter>
    </ClInclude>
    <ClInclude Include="emustack.h">
      <Filter>Header Files</Filter>
    </ClInclude>
    <ClInclude Include="hooklist.h">
      <Filter>Header Files</Filter>
    </ClInclude>
    <ClInclude Include="memmgr.h">
      <Filter>Header Files</Filter>
    </ClInclude>
    <ClInclude Include="resource.h">
      <Filter>Header Files</Filter>
    </ClInclude>
    <ClInclude Include="seh.h">
      <Filter>Header Files</Filter>
    </ClInclude>
    <ClInclude Include="x86defs.h">
      <Filter>Header Files</Filter>
    </ClInclude>
  </ItemGroup>
  <ItemGroup>
    <ResourceCompile Include="dialog.rc">
      <Filter>Resource Files</Filter>
    </ResourceCompile>
  </ItemGroup>
</Project>